
Microsoft Visual Studio Solution File, Format Version 12.00
# Visual Studio Version 17
VisualStudioVersion = 17.13.35913.81 d17.13
MinimumVisualStudioVersion = 10.0.40219.1
Project("{FAE04EC0-301F-11D3-BF4B-00C04F79EFBC}") = "csControl_MAICO", "csControl_MAICO.csproj", "{703FCCD6-0F4F-44EF-BD9E-97EBA12DED50}"
EndProject
Global
	GlobalSection(SolutionConfigurationPlatforms) = preSolution
		Debug|Any CPU = Debug|Any CPU
		Release|Any CPU = Release|Any CPU
	EndGlobalSection
	GlobalSection(ProjectConfigurationPlatforms) = postSolution
		{703FCCD6-0F4F-44EF-BD9E-97EBA12DED50}.Debug|Any CPU.ActiveCfg = Debug|Any CPU
		{703FCCD6-0F4F-44EF-BD9E-97EBA12DED50}.Debug|Any CPU.Build.0 = Debug|Any CPU
		{703FCCD6-0F4F-44EF-BD9E-97EBA12DED50}.Release|Any CPU.ActiveCfg = Release|Any CPU
		{703FCCD6-0F4F-44EF-BD9E-97EBA12DED50}.Release|Any CPU.Build.0 = Release|Any CPU
	EndGlobalSection
	GlobalSection(SolutionProperties) = preSolution
		HideSolutionNode = FALSE
	EndGlobalSection
	GlobalSection(ExtensibilityGlobals) = postSolution
		SolutionGuid = {64D62216-1453-48B8-80CD-8C0E15EFE056}
	EndGlobalSection
EndGlobal
